// !$*UTF8*$!
{
	archiveVersion = 1;
	classes = {
	};
	objectVersion = 46;
	objects = {

/* Begin PBXBuildFile section */
		220E420A1E9425DF00D891D6 /* ForgotPinView.m in Sources */ = {isa = PBXBuildFile; fileRef = 220E42091E9425DF00D891D6 /* ForgotPinView.m */; };
		220E420D1E9429FA00D891D6 /* StringManager.m in Sources */ = {isa = PBXBuildFile; fileRef = 220E420C1E9429FA00D891D6 /* StringManager.m */; };
		220E42101E9433E200D891D6 /* ItemTableViewCell.m in Sources */ = {isa = PBXBuildFile; fileRef = 220E420F1E9433E200D891D6 /* ItemTableViewCell.m */; };
		220E42131E94341500D891D6 /* ImageView.m in Sources */ = {isa = PBXBuildFile; fileRef = 220E42121E94341500D891D6 /* ImageView.m */; };
		220E42161E943DA700D891D6 /* View.m in Sources */ = {isa = PBXBuildFile; fileRef = 220E42151E943DA700D891D6 /* View.m */; };
		222FFD161E920ABF006500A1 /* RegisterPinView.m in Sources */ = {isa = PBXBuildFile; fileRef = 222FFD151E920ABF006500A1 /* RegisterPinView.m */; };
		222FFD191E920B88006500A1 /* Button.m in Sources */ = {isa = PBXBuildFile; fileRef = 222FFD181E920B88006500A1 /* Button.m */; };
		222FFD1C1E920DBE006500A1 /* Label.m in Sources */ = {isa = PBXBuildFile; fileRef = 222FFD1B1E920DBE006500A1 /* Label.m */; };
		222FFD201E920F6D006500A1 /* ViewController.m in Sources */ = {isa = PBXBuildFile; fileRef = 222FFD1F1E920F6D006500A1 /* ViewController.m */; };
		222FFD241E9214A2006500A1 /* TextField.m in Sources */ = {isa = PBXBuildFile; fileRef = 222FFD231E9214A2006500A1 /* TextField.m */; };
		2236DD5C1E903EDA005B106F /* main.m in Sources */ = {isa = PBXBuildFile; fileRef = 2236DD5B1E903EDA005B106F /* main.m */; };
		2236DD5F1E903EDA005B106F /* AppDelegate.m in Sources */ = {isa = PBXBuildFile; fileRef = 2236DD5E1E903EDA005B106F /* AppDelegate.m */; };
		2236DD621E903EDA005B106F /* LoginViewController.m in Sources */ = {isa = PBXBuildFile; fileRef = 2236DD611E903EDA005B106F /* LoginViewController.m */; };
		2236DD671E903EDA005B106F /* Assets.xcassets in Resources */ = {isa = PBXBuildFile; fileRef = 2236DD661E903EDA005B106F /* Assets.xcassets */; };
		2236DD6A1E903EDA005B106F /* LaunchScreen.storyboard in Resources */ = {isa = PBXBuildFile; fileRef = 2236DD681E903EDA005B106F /* LaunchScreen.storyboard */; };
		2236DD751E903EDA005B106F /* SalidoTests.m in Sources */ = {isa = PBXBuildFile; fileRef = 2236DD741E903EDA005B106F /* SalidoTests.m */; };
		2236DD801E903EDA005B106F /* SalidoUITests.m in Sources */ = {isa = PBXBuildFile; fileRef = 2236DD7F1E903EDA005B106F /* SalidoUITests.m */; };
		2236DD921E9044E8005B106F /* ItemListViewController.m in Sources */ = {isa = PBXBuildFile; fileRef = 2236DD911E9044E8005B106F /* ItemListViewController.m */; };
		2236DD951E9044F4005B106F /* ShoppingCartViewController.m in Sources */ = {isa = PBXBuildFile; fileRef = 2236DD941E9044F4005B106F /* ShoppingCartViewController.m */; };
		2236DD981E904505005B106F /* OrderViewController.m in Sources */ = {isa = PBXBuildFile; fileRef = 2236DD971E904505005B106F /* OrderViewController.m */; };
		2236DD9B1E904514005B106F /* EmployeeListViewController.m in Sources */ = {isa = PBXBuildFile; fileRef = 2236DD9A1E904514005B106F /* EmployeeListViewController.m */; };
		226D28221E948EA3002147BB /* ItemImageModel.m in Sources */ = {isa = PBXBuildFile; fileRef = 226D28211E948EA3002147BB /* ItemImageModel.m */; };
		226D28251E94973A002147BB /* ItemImage.m in Sources */ = {isa = PBXBuildFile; fileRef = 226D28241E94973A002147BB /* ItemImage.m */; };
		226D28291E95CAF8002147BB /* UserTableViewCell.m in Sources */ = {isa = PBXBuildFile; fileRef = 226D28281E95CAF8002147BB /* UserTableViewCell.m */; };
		22F8F4751E9DBEFC00F12A56 /* AlertManager.m in Sources */ = {isa = PBXBuildFile; fileRef = 22F8F4741E9DBEFC00F12A56 /* AlertManager.m */; };
		22FF24051E904993004F785D /* LoginPinView.m in Sources */ = {isa = PBXBuildFile; fileRef = 22FF24041E904993004F785D /* LoginPinView.m */; };
		22FF24081E905145004F785D /* NavigationController.m in Sources */ = {isa = PBXBuildFile; fileRef = 22FF24071E905145004F785D /* NavigationController.m */; };
		22FF240B1E908D28004F785D /* User.m in Sources */ = {isa = PBXBuildFile; fileRef = 22FF240A1E908D28004F785D /* User.m */; };
		22FF24141E90B849004F785D /* SessionManager.m in Sources */ = {isa = PBXBuildFile; fileRef = 22FF24131E90B849004F785D /* SessionManager.m */; };
		22FF24181E90B95E004F785D /* CatalogRequestModel.m in Sources */ = {isa = PBXBuildFile; fileRef = 22FF24171E90B95E004F785D /* CatalogRequestModel.m */; };
		22FF241B1E90BBEF004F785D /* CatalogModel.m in Sources */ = {isa = PBXBuildFile; fileRef = 22FF241A1E90BBEF004F785D /* CatalogModel.m */; };
		22FF241E1E90BC50004F785D /* ItemModel.m in Sources */ = {isa = PBXBuildFile; fileRef = 22FF241D1E90BC50004F785D /* ItemModel.m */; };
		22FF24211E90BDD8004F785D /* APIManager.m in Sources */ = {isa = PBXBuildFile; fileRef = 22FF24201E90BDD8004F785D /* APIManager.m */; };
		22FF24241E90BE04004F785D /* CatalogResponseModel.m in Sources */ = {isa = PBXBuildFile; fileRef = 22FF24231E90BE04004F785D /* CatalogResponseModel.m */; };
		22FF24271E90C099004F785D /* Item.m in Sources */ = {isa = PBXBuildFile; fileRef = 22FF24261E90C099004F785D /* Item.m */; };
		22FF242D1E91A873004F785D /* ItemDetailViewController.m in Sources */ = {isa = PBXBuildFile; fileRef = 22FF242C1E91A873004F785D /* ItemDetailViewController.m */; };
		22FF24331E91B2AC004F785D /* LoginManager.m in Sources */ = {isa = PBXBuildFile; fileRef = 22FF24321E91B2AC004F785D /* LoginManager.m */; };
		7590F985AB6115E68E555C8A /* Pods_SalidoUITests.framework in Frameworks */ = {isa = PBXBuildFile; fileRef = EC602B14129D569B60687ABA /* Pods_SalidoUITests.framework */; };
		914D3C5772B66FE61C96E034 /* Pods_SalidoTests.framework in Frameworks */ = {isa = PBXBuildFile; fileRef = AF9BEC12D6DACEB9A39D3373 /* Pods_SalidoTests.framework */; };
		92604429A84F579A3F508AFA /* Pods_Salido.framework in Frameworks */ = {isa = PBXBuildFile; fileRef = 0B3FF4B7571B07200838B94E /* Pods_Salido.framework */; };
/* End PBXBuildFile section */

/* Begin PBXContainerItemProxy section */
		2236DD7C1E903EDA005B106F /* PBXContainerItemProxy */ = {
			isa = PBXContainerItemProxy;
			containerPortal = 2236DD4F1E903EDA005B106F /* Project object */;
			proxyType = 1;
			remoteGlobalIDString = 2236DD561E903EDA005B106F;
			remoteInfo = Salido;
		};
		22F8F4711E9B088100F12A56 /* PBXContainerItemProxy */ = {
			isa = PBXContainerItemProxy;
			containerPortal = 2236DD4F1E903EDA005B106F /* Project object */;
			proxyType = 1;
			remoteGlobalIDString = 2236DD561E903EDA005B106F;
			remoteInfo = Salido;
		};
/* End PBXContainerItemProxy section */

/* Begin PBXFileReference section */
		0B3FF4B7571B07200838B94E /* Pods_Salido.framework */ = {isa = PBXFileReference; explicitFileType = wrapper.framework; includeInIndex = 0; path = Pods_Salido.framework; sourceTree = BUILT_PRODUCTS_DIR; };
		0FEA2A8AB851C72A22BA998A /* Pods-SalidoTests.debug.xcconfig */ = {isa = PBXFileReference; includeInIndex = 1; lastKnownFileType = text.xcconfig; name = "Pods-SalidoTests.debug.xcconfig"; path = "Pods/Target Support Files/Pods-SalidoTests/Pods-SalidoTests.debug.xcconfig"; sourceTree = "<group>"; };
		220E42081E9425DF00D891D6 /* ForgotPinView.h */ = {isa = PBXFileReference; fileEncoding = 4; lastKnownFileType = sourcecode.c.h; path = ForgotPinView.h; sourceTree = "<group>"; };
		220E42091E9425DF00D891D6 /* ForgotPinView.m */ = {isa = PBXFileReference; fileEncoding = 4; lastKnownFileType = sourcecode.c.objc; path = ForgotPinView.m; sourceTree = "<group>"; };
		220E420B1E9429FA00D891D6 /* StringManager.h */ = {isa = PBXFileReference; fileEncoding = 4; lastKnownFileType = sourcecode.c.h; path = StringManager.h; sourceTree = "<group>"; };
		220E420C1E9429FA00D891D6 /* StringManager.m */ = {isa = PBXFileReference; fileEncoding = 4; lastKnownFileType = sourcecode.c.objc; path = StringManager.m; sourceTree = "<group>"; };
		220E420E1E9433E200D891D6 /* ItemTableViewCell.h */ = {isa = PBXFileReference; fileEncoding = 4; lastKnownFileType = sourcecode.c.h; path = ItemTableViewCell.h; sourceTree = "<group>"; };
		220E420F1E9433E200D891D6 /* ItemTableViewCell.m */ = {isa = PBXFileReference; fileEncoding = 4; lastKnownFileType = sourcecode.c.objc; path = ItemTableViewCell.m; sourceTree = "<group>"; };
		220E42111E94341500D891D6 /* ImageView.h */ = {isa = PBXFileReference; fileEncoding = 4; lastKnownFileType = sourcecode.c.h; path = ImageView.h; sourceTree = "<group>"; };
		220E42121E94341500D891D6 /* ImageView.m */ = {isa = PBXFileReference; fileEncoding = 4; lastKnownFileType = sourcecode.c.objc; path = ImageView.m; sourceTree = "<group>"; };
		220E42141E943DA700D891D6 /* View.h */ = {isa = PBXFileReference; fileEncoding = 4; lastKnownFileType = sourcecode.c.h; path = View.h; sourceTree = "<group>"; };
		220E42151E943DA700D891D6 /* View.m */ = {isa = PBXFileReference; fileEncoding = 4; lastKnownFileType = sourcecode.c.objc; path = View.m; sourceTree = "<group>"; };
		220E421B1E946FA300D891D6 /* Constant.h */ = {isa = PBXFileReference; lastKnownFileType = sourcecode.c.h; path = Constant.h; sourceTree = "<group>"; };
		222FFD141E920ABF006500A1 /* RegisterPinView.h */ = {isa = PBXFileReference; fileEncoding = 4; lastKnownFileType = sourcecode.c.h; path = RegisterPinView.h; sourceTree = "<group>"; };
		222FFD151E920ABF006500A1 /* RegisterPinView.m */ = {isa = PBXFileReference; fileEncoding = 4; lastKnownFileType = sourcecode.c.objc; path = RegisterPinView.m; sourceTree = "<group>"; };
		222FFD171E920B88006500A1 /* Button.h */ = {isa = PBXFileReference; fileEncoding = 4; lastKnownFileType = sourcecode.c.h; path = Button.h; sourceTree = "<group>"; };
		222FFD181E920B88006500A1 /* Button.m */ = {isa = PBXFileReference; fileEncoding = 4; lastKnownFileType = sourcecode.c.objc; path = Button.m; sourceTree = "<group>"; };
		222FFD1A1E920DBE006500A1 /* Label.h */ = {isa = PBXFileReference; fileEncoding = 4; lastKnownFileType = sourcecode.c.h; path = Label.h; sourceTree = "<group>"; };
		222FFD1B1E920DBE006500A1 /* Label.m */ = {isa = PBXFileReference; fileEncoding = 4; lastKnownFileType = sourcecode.c.objc; path = Label.m; sourceTree = "<group>"; };
		222FFD1E1E920F6D006500A1 /* ViewController.h */ = {isa = PBXFileReference; fileEncoding = 4; lastKnownFileType = sourcecode.c.h; path = ViewController.h; sourceTree = "<group>"; };
		222FFD1F1E920F6D006500A1 /* ViewController.m */ = {isa = PBXFileReference; fileEncoding = 4; lastKnownFileType = sourcecode.c.objc; path = ViewController.m; sourceTree = "<group>"; };
		222FFD221E9214A2006500A1 /* TextField.h */ = {isa = PBXFileReference; fileEncoding = 4; lastKnownFileType = sourcecode.c.h; path = TextField.h; sourceTree = "<group>"; };
		222FFD231E9214A2006500A1 /* TextField.m */ = {isa = PBXFileReference; fileEncoding = 4; lastKnownFileType = sourcecode.c.objc; path = TextField.m; sourceTree = "<group>"; };
		2236DD571E903EDA005B106F /* Salido.app */ = {isa = PBXFileReference; explicitFileType = wrapper.application; includeInIndex = 0; path = Salido.app; sourceTree = BUILT_PRODUCTS_DIR; };
		2236DD5B1E903EDA005B106F /* main.m */ = {isa = PBXFileReference; lastKnownFileType = sourcecode.c.objc; path = main.m; sourceTree = "<group>"; };
		2236DD5D1E903EDA005B106F /* AppDelegate.h */ = {isa = PBXFileReference; lastKnownFileType = sourcecode.c.h; path = AppDelegate.h; sourceTree = "<group>"; };
		2236DD5E1E903EDA005B106F /* AppDelegate.m */ = {isa = PBXFileReference; lastKnownFileType = sourcecode.c.objc; path = AppDelegate.m; sourceTree = "<group>"; };
		2236DD601E903EDA005B106F /* LoginViewController.h */ = {isa = PBXFileReference; lastKnownFileType = sourcecode.c.h; path = LoginViewController.h; sourceTree = "<group>"; };
		2236DD611E903EDA005B106F /* LoginViewController.m */ = {isa = PBXFileReference; lastKnownFileType = sourcecode.c.objc; path = LoginViewController.m; sourceTree = "<group>"; };
		2236DD661E903EDA005B106F /* Assets.xcassets */ = {isa = PBXFileReference; lastKnownFileType = folder.assetcatalog; path = Assets.xcassets; sourceTree = "<group>"; };
		2236DD691E903EDA005B106F /* Base */ = {isa = PBXFileReference; lastKnownFileType = file.storyboard; name = Base; path = Base.lproj/LaunchScreen.storyboard; sourceTree = "<group>"; };
		2236DD6B1E903EDA005B106F /* Info.plist */ = {isa = PBXFileReference; lastKnownFileType = text.plist.xml; path = Info.plist; sourceTree = "<group>"; };
		2236DD701E903EDA005B106F /* SalidoTests.xctest */ = {isa = PBXFileReference; explicitFileType = wrapper.cfbundle; includeInIndex = 0; path = SalidoTests.xctest; sourceTree = BUILT_PRODUCTS_DIR; };
		2236DD741E903EDA005B106F /* SalidoTests.m */ = {isa = PBXFileReference; lastKnownFileType = sourcecode.c.objc; path = SalidoTests.m; sourceTree = "<group>"; };
		2236DD761E903EDA005B106F /* Info.plist */ = {isa = PBXFileReference; lastKnownFileType = text.plist.xml; path = Info.plist; sourceTree = "<group>"; };
		2236DD7B1E903EDA005B106F /* SalidoUITests.xctest */ = {isa = PBXFileReference; explicitFileType = wrapper.cfbundle; includeInIndex = 0; path = SalidoUITests.xctest; sourceTree = BUILT_PRODUCTS_DIR; };
		2236DD7F1E903EDA005B106F /* SalidoUITests.m */ = {isa = PBXFileReference; lastKnownFileType = sourcecode.c.objc; path = SalidoUITests.m; sourceTree = "<group>"; };
		2236DD811E903EDA005B106F /* Info.plist */ = {isa = PBXFileReference; lastKnownFileType = text.plist.xml; path = Info.plist; sourceTree = "<group>"; };
		2236DD901E9044E8005B106F /* ItemListViewController.h */ = {isa = PBXFileReference; fileEncoding = 4; lastKnownFileType = sourcecode.c.h; path = ItemListViewController.h; sourceTree = "<group>"; };
		2236DD911E9044E8005B106F /* ItemListViewController.m */ = {isa = PBXFileReference; fileEncoding = 4; lastKnownFileType = sourcecode.c.objc; path = ItemListViewController.m; sourceTree = "<group>"; };
		2236DD931E9044F4005B106F /* ShoppingCartViewController.h */ = {isa = PBXFileReference; fileEncoding = 4; lastKnownFileType = sourcecode.c.h; path = ShoppingCartViewController.h; sourceTree = "<group>"; };
		2236DD941E9044F4005B106F /* ShoppingCartViewController.m */ = {isa = PBXFileReference; fileEncoding = 4; lastKnownFileType = sourcecode.c.objc; path = ShoppingCartViewController.m; sourceTree = "<group>"; };
		2236DD961E904505005B106F /* OrderViewController.h */ = {isa = PBXFileReference; fileEncoding = 4; lastKnownFileType = sourcecode.c.h; path = OrderViewController.h; sourceTree = "<group>"; };
		2236DD971E904505005B106F /* OrderViewController.m */ = {isa = PBXFileReference; fileEncoding = 4; lastKnownFileType = sourcecode.c.objc; path = OrderViewController.m; sourceTree = "<group>"; };
		2236DD991E904514005B106F /* EmployeeListViewController.h */ = {isa = PBXFileReference; fileEncoding = 4; lastKnownFileType = sourcecode.c.h; path = EmployeeListViewController.h; sourceTree = "<group>"; };
		2236DD9A1E904514005B106F /* EmployeeListViewController.m */ = {isa = PBXFileReference; fileEncoding = 4; lastKnownFileType = sourcecode.c.objc; path = EmployeeListViewController.m; sourceTree = "<group>"; };
		226D28201E948EA3002147BB /* ItemImageModel.h */ = {isa = PBXFileReference; fileEncoding = 4; lastKnownFileType = sourcecode.c.h; path = ItemImageModel.h; sourceTree = "<group>"; };
		226D28211E948EA3002147BB /* ItemImageModel.m */ = {isa = PBXFileReference; fileEncoding = 4; lastKnownFileType = sourcecode.c.objc; path = ItemImageModel.m; sourceTree = "<group>"; };
		226D28231E94973A002147BB /* ItemImage.h */ = {isa = PBXFileReference; fileEncoding = 4; lastKnownFileType = sourcecode.c.h; path = ItemImage.h; sourceTree = "<group>"; };
		226D28241E94973A002147BB /* ItemImage.m */ = {isa = PBXFileReference; fileEncoding = 4; lastKnownFileType = sourcecode.c.objc; path = ItemImage.m; sourceTree = "<group>"; };
		226D28271E95CAF8002147BB /* UserTableViewCell.h */ = {isa = PBXFileReference; fileEncoding = 4; lastKnownFileType = sourcecode.c.h; path = UserTableViewCell.h; sourceTree = "<group>"; };
		226D28281E95CAF8002147BB /* UserTableViewCell.m */ = {isa = PBXFileReference; fileEncoding = 4; lastKnownFileType = sourcecode.c.objc; path = UserTableViewCell.m; sourceTree = "<group>"; };
		22F8F4731E9DBEFC00F12A56 /* AlertManager.h */ = {isa = PBXFileReference; fileEncoding = 4; lastKnownFileType = sourcecode.c.h; path = AlertManager.h; sourceTree = "<group>"; };
		22F8F4741E9DBEFC00F12A56 /* AlertManager.m */ = {isa = PBXFileReference; fileEncoding = 4; lastKnownFileType = sourcecode.c.objc; path = AlertManager.m; sourceTree = "<group>"; };
		22FF24031E904993004F785D /* LoginPinView.h */ = {isa = PBXFileReference; fileEncoding = 4; lastKnownFileType = sourcecode.c.h; path = LoginPinView.h; sourceTree = "<group>"; };
		22FF24041E904993004F785D /* LoginPinView.m */ = {isa = PBXFileReference; fileEncoding = 4; lastKnownFileType = sourcecode.c.objc; path = LoginPinView.m; sourceTree = "<group>"; };
		22FF24061E905145004F785D /* NavigationController.h */ = {isa = PBXFileReference; fileEncoding = 4; lastKnownFileType = sourcecode.c.h; path = NavigationController.h; sourceTree = "<group>"; };
		22FF24071E905145004F785D /* NavigationController.m */ = {isa = PBXFileReference; fileEncoding = 4; lastKnownFileType = sourcecode.c.objc; path = NavigationController.m; sourceTree = "<group>"; };
		22FF24091E908D28004F785D /* User.h */ = {isa = PBXFileReference; fileEncoding = 4; lastKnownFileType = sourcecode.c.h; path = User.h; sourceTree = "<group>"; };
		22FF240A1E908D28004F785D /* User.m */ = {isa = PBXFileReference; fileEncoding = 4; lastKnownFileType = sourcecode.c.objc; path = User.m; sourceTree = "<group>"; };
		22FF24121E90B849004F785D /* SessionManager.h */ = {isa = PBXFileReference; fileEncoding = 4; lastKnownFileType = sourcecode.c.h; path = SessionManager.h; sourceTree = "<group>"; };
		22FF24131E90B849004F785D /* SessionManager.m */ = {isa = PBXFileReference; fileEncoding = 4; lastKnownFileType = sourcecode.c.objc; path = SessionManager.m; sourceTree = "<group>"; };
		22FF24161E90B95E004F785D /* CatalogRequestModel.h */ = {isa = PBXFileReference; fileEncoding = 4; lastKnownFileType = sourcecode.c.h; path = CatalogRequestModel.h; sourceTree = "<group>"; };
		22FF24171E90B95E004F785D /* CatalogRequestModel.m */ = {isa = PBXFileReference; fileEncoding = 4; lastKnownFileType = sourcecode.c.objc; path = CatalogRequestModel.m; sourceTree = "<group>"; };
		22FF24191E90BBEF004F785D /* CatalogModel.h */ = {isa = PBXFileReference; fileEncoding = 4; lastKnownFileType = sourcecode.c.h; path = CatalogModel.h; sourceTree = "<group>"; };
		22FF241A1E90BBEF004F785D /* CatalogModel.m */ = {isa = PBXFileReference; fileEncoding = 4; lastKnownFileType = sourcecode.c.objc; path = CatalogModel.m; sourceTree = "<group>"; };
		22FF241C1E90BC50004F785D /* ItemModel.h */ = {isa = PBXFileReference; fileEncoding = 4; lastKnownFileType = sourcecode.c.h; path = ItemModel.h; sourceTree = "<group>"; };
		22FF241D1E90BC50004F785D /* ItemModel.m */ = {isa = PBXFileReference; fileEncoding = 4; lastKnownFileType = sourcecode.c.objc; path = ItemModel.m; sourceTree = "<group>"; };
		22FF241F1E90BDD8004F785D /* APIManager.h */ = {isa = PBXFileReference; fileEncoding = 4; lastKnownFileType = sourcecode.c.h; path = APIManager.h; sourceTree = "<group>"; };
		22FF24201E90BDD8004F785D /* APIManager.m */ = {isa = PBXFileReference; fileEncoding = 4; lastKnownFileType = sourcecode.c.objc; path = APIManager.m; sourceTree = "<group>"; };
		22FF24221E90BE04004F785D /* CatalogResponseModel.h */ = {isa = PBXFileReference; fileEncoding = 4; lastKnownFileType = sourcecode.c.h; path = CatalogResponseModel.h; sourceTree = "<group>"; };
		22FF24231E90BE04004F785D /* CatalogResponseModel.m */ = {isa = PBXFileReference; fileEncoding = 4; lastKnownFileType = sourcecode.c.objc; path = CatalogResponseModel.m; sourceTree = "<group>"; };
		22FF24251E90C099004F785D /* Item.h */ = {isa = PBXFileReference; fileEncoding = 4; lastKnownFileType = sourcecode.c.h; path = Item.h; sourceTree = "<group>"; };
		22FF24261E90C099004F785D /* Item.m */ = {isa = PBXFileReference; fileEncoding = 4; lastKnownFileType = sourcecode.c.objc; path = Item.m; sourceTree = "<group>"; };
		22FF242B1E91A873004F785D /* ItemDetailViewController.h */ = {isa = PBXFileReference; fileEncoding = 4; lastKnownFileType = sourcecode.c.h; path = ItemDetailViewController.h; sourceTree = "<group>"; };
		22FF242C1E91A873004F785D /* ItemDetailViewController.m */ = {isa = PBXFileReference; fileEncoding = 4; lastKnownFileType = sourcecode.c.objc; path = ItemDetailViewController.m; sourceTree = "<group>"; };
		22FF24311E91B2AC004F785D /* LoginManager.h */ = {isa = PBXFileReference; fileEncoding = 4; lastKnownFileType = sourcecode.c.h; path = LoginManager.h; sourceTree = "<group>"; };
		22FF24321E91B2AC004F785D /* LoginManager.m */ = {isa = PBXFileReference; fileEncoding = 4; lastKnownFileType = sourcecode.c.objc; path = LoginManager.m; sourceTree = "<group>"; };
		38CC2D6825162DE15992C50A /* Pods-SalidoUITests.debug.xcconfig */ = {isa = PBXFileReference; includeInIndex = 1; lastKnownFileType = text.xcconfig; name = "Pods-SalidoUITests.debug.xcconfig"; path = "Pods/Target Support Files/Pods-SalidoUITests/Pods-SalidoUITests.debug.xcconfig"; sourceTree = "<group>"; };
		483880DE47AF30FF41088732 /* Pods-Salido.release.xcconfig */ = {isa = PBXFileReference; includeInIndex = 1; lastKnownFileType = text.xcconfig; name = "Pods-Salido.release.xcconfig"; path = "Pods/Target Support Files/Pods-Salido/Pods-Salido.release.xcconfig"; sourceTree = "<group>"; };
		7E21A17B27D5011D7E965B16 /* Pods-Salido.debug.xcconfig */ = {isa = PBXFileReference; includeInIndex = 1; lastKnownFileType = text.xcconfig; name = "Pods-Salido.debug.xcconfig"; path = "Pods/Target Support Files/Pods-Salido/Pods-Salido.debug.xcconfig"; sourceTree = "<group>"; };
		898F57165B55F710929C5E1A /* Pods-SalidoTests.release.xcconfig */ = {isa = PBXFileReference; includeInIndex = 1; lastKnownFileType = text.xcconfig; name = "Pods-SalidoTests.release.xcconfig"; path = "Pods/Target Support Files/Pods-SalidoTests/Pods-SalidoTests.release.xcconfig"; sourceTree = "<group>"; };
		909BD9D3E7963D685F53E108 /* Pods-SalidoUITests.release.xcconfig */ = {isa = PBXFileReference; includeInIndex = 1; lastKnownFileType = text.xcconfig; name = "Pods-SalidoUITests.release.xcconfig"; path = "Pods/Target Support Files/Pods-SalidoUITests/Pods-SalidoUITests.release.xcconfig"; sourceTree = "<group>"; };
		AF9BEC12D6DACEB9A39D3373 /* Pods_SalidoTests.framework */ = {isa = PBXFileReference; explicitFileType = wrapper.framework; includeInIndex = 0; path = Pods_SalidoTests.framework; sourceTree = BUILT_PRODUCTS_DIR; };
		EC602B14129D569B60687ABA /* Pods_SalidoUITests.framework */ = {isa = PBXFileReference; explicitFileType = wrapper.framework; includeInIndex = 0; path = Pods_SalidoUITests.framework; sourceTree = BUILT_PRODUCTS_DIR; };
/* End PBXFileReference section */

/* Begin PBXFrameworksBuildPhase section */
		2236DD541E903EDA005B106F /* Frameworks */ = {
			isa = PBXFrameworksBuildPhase;
			buildActionMask = 2147483647;
			files = (
				92604429A84F579A3F508AFA /* Pods_Salido.framework in Frameworks */,
			);
			runOnlyForDeploymentPostprocessing = 0;
		};
		2236DD6D1E903EDA005B106F /* Frameworks */ = {
			isa = PBXFrameworksBuildPhase;
			buildActionMask = 2147483647;
			files = (
				914D3C5772B66FE61C96E034 /* Pods_SalidoTests.framework in Frameworks */,
			);
			runOnlyForDeploymentPostprocessing = 0;
		};
		2236DD781E903EDA005B106F /* Frameworks */ = {
			isa = PBXFrameworksBuildPhase;
			buildActionMask = 2147483647;
			files = (
				7590F985AB6115E68E555C8A /* Pods_SalidoUITests.framework in Frameworks */,
			);
			runOnlyForDeploymentPostprocessing = 0;
		};
/* End PBXFrameworksBuildPhase section */

/* Begin PBXGroup section */
		220E42171E943DDC00D891D6 /* Default */ = {
			isa = PBXGroup;
			children = (
				22FF24061E905145004F785D /* NavigationController.h */,
				22FF24071E905145004F785D /* NavigationController.m */,
				222FFD1E1E920F6D006500A1 /* ViewController.h */,
				222FFD1F1E920F6D006500A1 /* ViewController.m */,
			);
			name = Default;
			sourceTree = "<group>";
		};
		222FFD1D1E920EC0006500A1 /* View */ = {
			isa = PBXGroup;
			children = (
				222FFD211E9213EB006500A1 /* Default */,
				220E420E1E9433E200D891D6 /* ItemTableViewCell.h */,
				220E420F1E9433E200D891D6 /* ItemTableViewCell.m */,
				226D28271E95CAF8002147BB /* UserTableViewCell.h */,
				226D28281E95CAF8002147BB /* UserTableViewCell.m */,
			);
			name = View;
			sourceTree = "<group>";
		};
		222FFD211E9213EB006500A1 /* Default */ = {
			isa = PBXGroup;
			children = (
				220E42141E943DA700D891D6 /* View.h */,
				220E42151E943DA700D891D6 /* View.m */,
				222FFD171E920B88006500A1 /* Button.h */,
				222FFD181E920B88006500A1 /* Button.m */,
				222FFD1A1E920DBE006500A1 /* Label.h */,
				222FFD1B1E920DBE006500A1 /* Label.m */,
				222FFD221E9214A2006500A1 /* TextField.h */,
				222FFD231E9214A2006500A1 /* TextField.m */,
				220E42111E94341500D891D6 /* ImageView.h */,
				220E42121E94341500D891D6 /* ImageView.m */,
			);
			name = Default;
			sourceTree = "<group>";
		};
		2236DD4E1E903EDA005B106F = {
			isa = PBXGroup;
			children = (
				2236DD591E903EDA005B106F /* Salido */,
				2236DD731E903EDA005B106F /* SalidoTests */,
				2236DD7E1E903EDA005B106F /* SalidoUITests */,
				2236DD581E903EDA005B106F /* Products */,
				618DA70DA4424C8D725F1F5E /* Pods */,
				264A1A1D28AB17250FD8B725 /* Frameworks */,
			);
			sourceTree = "<group>";
		};
		2236DD581E903EDA005B106F /* Products */ = {
			isa = PBXGroup;
			children = (
				2236DD571E903EDA005B106F /* Salido.app */,
				2236DD701E903EDA005B106F /* SalidoTests.xctest */,
				2236DD7B1E903EDA005B106F /* SalidoUITests.xctest */,
			);
			name = Products;
			sourceTree = "<group>";
		};
		2236DD591E903EDA005B106F /* Salido */ = {
			isa = PBXGroup;
			children = (
				2236DD5D1E903EDA005B106F /* AppDelegate.h */,
				2236DD5E1E903EDA005B106F /* AppDelegate.m */,
				222FFD1D1E920EC0006500A1 /* View */,
				22F8F4761E9DD39B00F12A56 /* Login */,
				226D28261E95C94F002147BB /* Model */,
				22FF24151E90B8FC004F785D /* View Controller */,
				2236DD661E903EDA005B106F /* Assets.xcassets */,
				2236DD681E903EDA005B106F /* LaunchScreen.storyboard */,
				2236DD6B1E903EDA005B106F /* Info.plist */,
				2236DD5A1E903EDA005B106F /* Supporting Files */,
			);
			path = Salido;
			sourceTree = "<group>";
		};
		2236DD5A1E903EDA005B106F /* Supporting Files */ = {
			isa = PBXGroup;
			children = (
				2236DD5B1E903EDA005B106F /* main.m */,
			);
			name = "Supporting Files";
			sourceTree = "<group>";
		};
		2236DD731E903EDA005B106F /* SalidoTests */ = {
			isa = PBXGroup;
			children = (
				2236DD741E903EDA005B106F /* SalidoTests.m */,
				2236DD761E903EDA005B106F /* Info.plist */,
			);
			path = SalidoTests;
			sourceTree = "<group>";
		};
		2236DD7E1E903EDA005B106F /* SalidoUITests */ = {
			isa = PBXGroup;
			children = (
				2236DD7F1E903EDA005B106F /* SalidoUITests.m */,
				2236DD811E903EDA005B106F /* Info.plist */,
			);
			path = SalidoUITests;
			sourceTree = "<group>";
		};
		226D28261E95C94F002147BB /* Model */ = {
			isa = PBXGroup;
			children = (
				22FF242A1E91A5A9004F785D /* Manager */,
				22FF24291E91A5A2004F785D /* Request */,
				22FF24281E91A593004F785D /* Realm Model */,
			);
			name = Model;
			sourceTree = "<group>";
		};
		22F8F4761E9DD39B00F12A56 /* Login */ = {
			isa = PBXGroup;
			children = (
				2236DD601E903EDA005B106F /* LoginViewController.h */,
				2236DD611E903EDA005B106F /* LoginViewController.m */,
				222FFD141E920ABF006500A1 /* RegisterPinView.h */,
				222FFD151E920ABF006500A1 /* RegisterPinView.m */,
				22FF24031E904993004F785D /* LoginPinView.h */,
				22FF24041E904993004F785D /* LoginPinView.m */,
				220E42081E9425DF00D891D6 /* ForgotPinView.h */,
				220E42091E9425DF00D891D6 /* ForgotPinView.m */,
			);
			name = Login;
			sourceTree = "<group>";
		};
		22FF24151E90B8FC004F785D /* View Controller */ = {
			isa = PBXGroup;
			children = (
				2236DD901E9044E8005B106F /* ItemListViewController.h */,
				2236DD911E9044E8005B106F /* ItemListViewController.m */,
				2236DD931E9044F4005B106F /* ShoppingCartViewController.h */,
				2236DD941E9044F4005B106F /* ShoppingCartViewController.m */,
				2236DD991E904514005B106F /* EmployeeListViewController.h */,
				2236DD9A1E904514005B106F /* EmployeeListViewController.m */,
				2236DD961E904505005B106F /* OrderViewController.h */,
				2236DD971E904505005B106F /* OrderViewController.m */,
				22FF242B1E91A873004F785D /* ItemDetailViewController.h */,
				22FF242C1E91A873004F785D /* ItemDetailViewController.m */,
				220E42171E943DDC00D891D6 /* Default */,
			);
			name = "View Controller";
			sourceTree = "<group>";
		};
		22FF24281E91A593004F785D /* Realm Model */ = {
			isa = PBXGroup;
			children = (
				22FF24251E90C099004F785D /* Item.h */,
				22FF24261E90C099004F785D /* Item.m */,
				226D28231E94973A002147BB /* ItemImage.h */,
				226D28241E94973A002147BB /* ItemImage.m */,
				22FF24091E908D28004F785D /* User.h */,
				22FF240A1E908D28004F785D /* User.m */,
			);
			name = "Realm Model";
			sourceTree = "<group>";
		};
		22FF24291E91A5A2004F785D /* Request */ = {
			isa = PBXGroup;
			children = (
				22FF24191E90BBEF004F785D /* CatalogModel.h */,
				22FF241A1E90BBEF004F785D /* CatalogModel.m */,
				22FF24161E90B95E004F785D /* CatalogRequestModel.h */,
				22FF24171E90B95E004F785D /* CatalogRequestModel.m */,
				22FF24221E90BE04004F785D /* CatalogResponseModel.h */,
				22FF24231E90BE04004F785D /* CatalogResponseModel.m */,
				22FF241C1E90BC50004F785D /* ItemModel.h */,
				22FF241D1E90BC50004F785D /* ItemModel.m */,
				226D28201E948EA3002147BB /* ItemImageModel.h */,
				226D28211E948EA3002147BB /* ItemImageModel.m */,
			);
			name = Request;
			sourceTree = "<group>";
		};
		22FF242A1E91A5A9004F785D /* Manager */ = {
			isa = PBXGroup;
			children = (
				22FF241F1E90BDD8004F785D /* APIManager.h */,
				22FF24201E90BDD8004F785D /* APIManager.m */,
				22FF24121E90B849004F785D /* SessionManager.h */,
				22FF24131E90B849004F785D /* SessionManager.m */,
				22FF24311E91B2AC004F785D /* LoginManager.h */,
				22FF24321E91B2AC004F785D /* LoginManager.m */,
				220E420B1E9429FA00D891D6 /* StringManager.h */,
				220E420C1E9429FA00D891D6 /* StringManager.m */,
				22F8F4731E9DBEFC00F12A56 /* AlertManager.h */,
				22F8F4741E9DBEFC00F12A56 /* AlertManager.m */,
				220E421B1E946FA300D891D6 /* Constant.h */,
			);
			name = Manager;
			sourceTree = "<group>";
		};
		264A1A1D28AB17250FD8B725 /* Frameworks */ = {
			isa = PBXGroup;
			children = (
				0B3FF4B7571B07200838B94E /* Pods_Salido.framework */,
				AF9BEC12D6DACEB9A39D3373 /* Pods_SalidoTests.framework */,
				EC602B14129D569B60687ABA /* Pods_SalidoUITests.framework */,
			);
			name = Frameworks;
			sourceTree = "<group>";
		};
		618DA70DA4424C8D725F1F5E /* Pods */ = {
			isa = PBXGroup;
			children = (
				7E21A17B27D5011D7E965B16 /* Pods-Salido.debug.xcconfig */,
				483880DE47AF30FF41088732 /* Pods-Salido.release.xcconfig */,
				0FEA2A8AB851C72A22BA998A /* Pods-SalidoTests.debug.xcconfig */,
				898F57165B55F710929C5E1A /* Pods-SalidoTests.release.xcconfig */,
				38CC2D6825162DE15992C50A /* Pods-SalidoUITests.debug.xcconfig */,
				909BD9D3E7963D685F53E108 /* Pods-SalidoUITests.release.xcconfig */,
			);
			name = Pods;
			sourceTree = "<group>";
		};
/* End PBXGroup section */

/* Begin PBXNativeTarget section */
		2236DD561E903EDA005B106F /* Salido */ = {
			isa = PBXNativeTarget;
			buildConfigurationList = 2236DD841E903EDA005B106F /* Build configuration list for PBXNativeTarget "Salido" */;
			buildPhases = (
				F43A414C88FA019A19422412 /* [CP] Check Pods Manifest.lock */,
				2236DD531E903EDA005B106F /* Sources */,
				2236DD541E903EDA005B106F /* Frameworks */,
				2236DD551E903EDA005B106F /* Resources */,
				3D1A2F3DE2E7297B855BEA2B /* [CP] Embed Pods Frameworks */,
				404FB01FBED8F02C4B7C4311 /* [CP] Copy Pods Resources */,
			);
			buildRules = (
			);
			dependencies = (
			);
			name = Salido;
			productName = Salido;
			productReference = 2236DD571E903EDA005B106F /* Salido.app */;
			productType = "com.apple.product-type.application";
		};
		2236DD6F1E903EDA005B106F /* SalidoTests */ = {
			isa = PBXNativeTarget;
			buildConfigurationList = 2236DD871E903EDA005B106F /* Build configuration list for PBXNativeTarget "SalidoTests" */;
			buildPhases = (
				99CA538A94575ABB1A70AA65 /* [CP] Check Pods Manifest.lock */,
				2236DD6C1E903EDA005B106F /* Sources */,
				2236DD6D1E903EDA005B106F /* Frameworks */,
				2236DD6E1E903EDA005B106F /* Resources */,
				302AA0C2C0EA3355419E9080 /* [CP] Embed Pods Frameworks */,
				250E5284B84F131424C65BC9 /* [CP] Copy Pods Resources */,
			);
			buildRules = (
			);
			dependencies = (
				22F8F4721E9B088100F12A56 /* PBXTargetDependency */,
			);
			name = SalidoTests;
			productName = SalidoTests;
			productReference = 2236DD701E903EDA005B106F /* SalidoTests.xctest */;
			productType = "com.apple.product-type.bundle.unit-test";
		};
		2236DD7A1E903EDA005B106F /* SalidoUITests */ = {
			isa = PBXNativeTarget;
			buildConfigurationList = 2236DD8A1E903EDA005B106F /* Build configuration list for PBXNativeTarget "SalidoUITests" */;
			buildPhases = (
				EA3FD501A74FA56D20AF419B /* [CP] Check Pods Manifest.lock */,
				2236DD771E903EDA005B106F /* Sources */,
				2236DD781E903EDA005B106F /* Frameworks */,
				2236DD791E903EDA005B106F /* Resources */,
				CED728920A81DB37C5E77FC4 /* [CP] Embed Pods Frameworks */,
				3944C656BD281A08EFFAC442 /* [CP] Copy Pods Resources */,
			);
			buildRules = (
			);
			dependencies = (
				2236DD7D1E903EDA005B106F /* PBXTargetDependency */,
			);
			name = SalidoUITests;
			productName = SalidoUITests;
			productReference = 2236DD7B1E903EDA005B106F /* SalidoUITests.xctest */;
			productType = "com.apple.product-type.bundle.ui-testing";
		};
/* End PBXNativeTarget section */

/* Begin PBXProject section */
		2236DD4F1E903EDA005B106F /* Project object */ = {
			isa = PBXProject;
			attributes = {
				LastUpgradeCheck = 0820;
				ORGANIZATIONNAME = Salido;
				TargetAttributes = {
					2236DD561E903EDA005B106F = {
						CreatedOnToolsVersion = 8.2.1;
						DevelopmentTeam = 82QRSDA4CN;
						ProvisioningStyle = Manual;
					};
					2236DD6F1E903EDA005B106F = {
						CreatedOnToolsVersion = 8.2.1;
						DevelopmentTeam = 82QRSDA4CN;
						ProvisioningStyle = Automatic;
						TestTargetID = 2236DD561E903EDA005B106F;
					};
					2236DD7A1E903EDA005B106F = {
						CreatedOnToolsVersion = 8.2.1;
						DevelopmentTeam = 82QRSDA4CN;
						ProvisioningStyle = Automatic;
						TestTargetID = 2236DD561E903EDA005B106F;
					};
				};
			};
			buildConfigurationList = 2236DD521E903EDA005B106F /* Build configuration list for PBXProject "Salido" */;
			compatibilityVersion = "Xcode 3.2";
			developmentRegion = English;
			hasScannedForEncodings = 0;
			knownRegions = (
				en,
				Base,
			);
			mainGroup = 2236DD4E1E903EDA005B106F;
			productRefGroup = 2236DD581E903EDA005B106F /* Products */;
			projectDirPath = "";
			projectRoot = "";
			targets = (
				2236DD561E903EDA005B106F /* Salido */,
				2236DD6F1E903EDA005B106F /* SalidoTests */,
				2236DD7A1E903EDA005B106F /* SalidoUITests */,
			);
		};
/* End PBXProject section */

/* Begin PBXResourcesBuildPhase section */
		2236DD551E903EDA005B106F /* Resources */ = {
			isa = PBXResourcesBuildPhase;
			buildActionMask = 2147483647;
			files = (
				2236DD6A1E903EDA005B106F /* LaunchScreen.storyboard in Resources */,
				2236DD671E903EDA005B106F /* Assets.xcassets in Resources */,
			);
			runOnlyForDeploymentPostprocessing = 0;
		};
		2236DD6E1E903EDA005B106F /* Resources */ = {
			isa = PBXResourcesBuildPhase;
			buildActionMask = 2147483647;
			files = (
			);
			runOnlyForDeploymentPostprocessing = 0;
		};
		2236DD791E903EDA005B106F /* Resources */ = {
			isa = PBXResourcesBuildPhase;
			buildActionMask = 2147483647;
			files = (
			);
			runOnlyForDeploymentPostprocessing = 0;
		};
/* End PBXResourcesBuildPhase section */

/* Begin PBXShellScriptBuildPhase section */
		250E5284B84F131424C65BC9 /* [CP] Copy Pods Resources */ = {
			isa = PBXShellScriptBuildPhase;
			buildActionMask = 2147483647;
			files = (
			);
			inputPaths = (
			);
			name = "[CP] Copy Pods Resources";
			outputPaths = (
			);
			runOnlyForDeploymentPostprocessing = 0;
			shellPath = /bin/sh;
			shellScript = "\"${SRCROOT}/Pods/Target Support Files/Pods-SalidoTests/Pods-SalidoTests-resources.sh\"\n";
			showEnvVarsInLog = 0;
		};
		302AA0C2C0EA3355419E9080 /* [CP] Embed Pods Frameworks */ = {
			isa = PBXShellScriptBuildPhase;
			buildActionMask = 2147483647;
			files = (
			);
			inputPaths = (
			);
			name = "[CP] Embed Pods Frameworks";
			outputPaths = (
			);
			runOnlyForDeploymentPostprocessing = 0;
			shellPath = /bin/sh;
			shellScript = "\"${SRCROOT}/Pods/Target Support Files/Pods-SalidoTests/Pods-SalidoTests-frameworks.sh\"\n";
			showEnvVarsInLog = 0;
		};
		3944C656BD281A08EFFAC442 /* [CP] Copy Pods Resources */ = {
			isa = PBXShellScriptBuildPhase;
			buildActionMask = 2147483647;
			files = (
			);
			inputPaths = (
			);
			name = "[CP] Copy Pods Resources";
			outputPaths = (
			);
			runOnlyForDeploymentPostprocessing = 0;
			shellPath = /bin/sh;
			shellScript = "\"${SRCROOT}/Pods/Target Support Files/Pods-SalidoUITests/Pods-SalidoUITests-resources.sh\"\n";
			showEnvVarsInLog = 0;
		};
		3D1A2F3DE2E7297B855BEA2B /* [CP] Embed Pods Frameworks */ = {
			isa = PBXShellScriptBuildPhase;
			buildActionMask = 2147483647;
			files = (
			);
			inputPaths = (
			);
			name = "[CP] Embed Pods Frameworks";
			outputPaths = (
			);
			runOnlyForDeploymentPostprocessing = 0;
			shellPath = /bin/sh;
			shellScript = "\"${SRCROOT}/Pods/Target Support Files/Pods-Salido/Pods-Salido-frameworks.sh\"\n";
			showEnvVarsInLog = 0;
		};
		404FB01FBED8F02C4B7C4311 /* [CP] Copy Pods Resources */ = {
			isa = PBXShellScriptBuildPhase;
			buildActionMask = 2147483647;
			files = (
			);
			inputPaths = (
			);
			name = "[CP] Copy Pods Resources";
			outputPaths = (
			);
			runOnlyForDeploymentPostprocessing = 0;
			shellPath = /bin/sh;
			shellScript = "\"${SRCROOT}/Pods/Target Support Files/Pods-Salido/Pods-Salido-resources.sh\"\n";
			showEnvVarsInLog = 0;
		};
		99CA538A94575ABB1A70AA65 /* [CP] Check Pods Manifest.lock */ = {
			isa = PBXShellScriptBuildPhase;
			buildActionMask = 2147483647;
			files = (
			);
			inputPaths = (
			);
			name = "[CP] Check Pods Manifest.lock";
			outputPaths = (
			);
			runOnlyForDeploymentPostprocessing = 0;
			shellPath = /bin/sh;
			shellScript = "diff \"${PODS_ROOT}/../Podfile.lock\" \"${PODS_ROOT}/Manifest.lock\" > /dev/null\nif [ $? != 0 ] ; then\n    # print error to STDERR\n    echo \"error: The sandbox is not in sync with the Podfile.lock. Run 'pod install' or update your CocoaPods installation.\" >&2\n    exit 1\nfi\n";
			showEnvVarsInLog = 0;
		};
		CED728920A81DB37C5E77FC4 /* [CP] Embed Pods Frameworks */ = {
			isa = PBXShellScriptBuildPhase;
			buildActionMask = 2147483647;
			files = (
			);
			inputPaths = (
			);
			name = "[CP] Embed Pods Frameworks";
			outputPaths = (
			);
			runOnlyForDeploymentPostprocessing = 0;
			shellPath = /bin/sh;
			shellScript = "\"${SRCROOT}/Pods/Target Support Files/Pods-SalidoUITests/Pods-SalidoUITests-frameworks.sh\"\n";
			showEnvVarsInLog = 0;
		};
		EA3FD501A74FA56D20AF419B /* [CP] Check Pods Manifest.lock */ = {
			isa = PBXShellScriptBuildPhase;
			buildActionMask = 2147483647;
			files = (
			);
			inputPaths = (
			);
			name = "[CP] Check Pods Manifest.lock";
			outputPaths = (
			);
			runOnlyForDeploymentPostprocessing = 0;
			shellPath = /bin/sh;
			shellScript = "diff \"${PODS_ROOT}/../Podfile.lock\" \"${PODS_ROOT}/Manifest.lock\" > /dev/null\nif [ $? != 0 ] ; then\n    # print error to STDERR\n    echo \"error: The sandbox is not in sync with the Podfile.lock. Run 'pod install' or update your CocoaPods installation.\" >&2\n    exit 1\nfi\n";
			showEnvVarsInLog = 0;
		};
		F43A414C88FA019A19422412 /* [CP] Check Pods Manifest.lock */ = {
			isa = PBXShellScriptBuildPhase;
			buildActionMask = 2147483647;
			files = (
			);
			inputPaths = (
			);
			name = "[CP] Check Pods Manifest.lock";
			outputPaths = (
			);
			runOnlyForDeploymentPostprocessing = 0;
			shellPath = /bin/sh;
			shellScript = "diff \"${PODS_ROOT}/../Podfile.lock\" \"${PODS_ROOT}/Manifest.lock\" > /dev/null\nif [ $? != 0 ] ; then\n    # print error to STDERR\n    echo \"error: The sandbox is not in sync with the Podfile.lock. Run 'pod install' or update your CocoaPods installation.\" >&2\n    exit 1\nfi\n";
			showEnvVarsInLog = 0;
		};
/* End PBXShellScriptBuildPhase section */

/* Begin PBXSourcesBuildPhase section */
		2236DD531E903EDA005B106F /* Sources */ = {
			isa = PBXSourcesBuildPhase;
			buildActionMask = 2147483647;
			files = (
				222FFD161E920ABF006500A1 /* RegisterPinView.m in Sources */,
				22FF24271E90C099004F785D /* Item.m in Sources */,
				22FF24181E90B95E004F785D /* CatalogRequestModel.m in Sources */,
				226D28251E94973A002147BB /* ItemImage.m in Sources */,
				2236DD951E9044F4005B106F /* ShoppingCartViewController.m in Sources */,
				22FF24241E90BE04004F785D /* CatalogResponseModel.m in Sources */,
				222FFD201E920F6D006500A1 /* ViewController.m in Sources */,
				22FF24331E91B2AC004F785D /* LoginManager.m in Sources */,
				22FF241B1E90BBEF004F785D /* CatalogModel.m in Sources */,
				22FF24051E904993004F785D /* LoginPinView.m in Sources */,
				2236DD9B1E904514005B106F /* EmployeeListViewController.m in Sources */,
				22FF241E1E90BC50004F785D /* ItemModel.m in Sources */,
				220E42101E9433E200D891D6 /* ItemTableViewCell.m in Sources */,
				226D28221E948EA3002147BB /* ItemImageModel.m in Sources */,
				222FFD1C1E920DBE006500A1 /* Label.m in Sources */,
				2236DD621E903EDA005B106F /* LoginViewController.m in Sources */,
				226D28291E95CAF8002147BB /* UserTableViewCell.m in Sources */,
				22FF242D1E91A873004F785D /* ItemDetailViewController.m in Sources */,
				222FFD191E920B88006500A1 /* Button.m in Sources */,
				2236DD5F1E903EDA005B106F /* AppDelegate.m in Sources */,
				22FF240B1E908D28004F785D /* User.m in Sources */,
				2236DD981E904505005B106F /* OrderViewController.m in Sources */,
				220E42161E943DA700D891D6 /* View.m in Sources */,
				22FF24081E905145004F785D /* NavigationController.m in Sources */,
				22F8F4751E9DBEFC00F12A56 /* AlertManager.m in Sources */,
				220E42131E94341500D891D6 /* ImageView.m in Sources */,
				22FF24211E90BDD8004F785D /* APIManager.m in Sources */,
				220E420D1E9429FA00D891D6 /* StringManager.m in Sources */,
				2236DD921E9044E8005B106F /* ItemListViewController.m in Sources */,
				22FF24141E90B849004F785D /* SessionManager.m in Sources */,
				2236DD5C1E903EDA005B106F /* main.m in Sources */,
				222FFD241E9214A2006500A1 /* TextField.m in Sources */,
				220E420A1E9425DF00D891D6 /* ForgotPinView.m in Sources */,
			);
			runOnlyForDeploymentPostprocessing = 0;
		};
		2236DD6C1E903EDA005B106F /* Sources */ = {
			isa = PBXSourcesBuildPhase;
			buildActionMask = 2147483647;
			files = (
				2236DD751E903EDA005B106F /* SalidoTests.m in Sources */,
			);
			runOnlyForDeploymentPostprocessing = 0;
		};
		2236DD771E903EDA005B106F /* Sources */ = {
			isa = PBXSourcesBuildPhase;
			buildActionMask = 2147483647;
			files = (
				2236DD801E903EDA005B106F /* SalidoUITests.m in Sources */,
			);
			runOnlyForDeploymentPostprocessing = 0;
		};
/* End PBXSourcesBuildPhase section */

/* Begin PBXTargetDependency section */
		2236DD7D1E903EDA005B106F /* PBXTargetDependency */ = {
			isa = PBXTargetDependency;
			target = 2236DD561E903EDA005B106F /* Salido */;
			targetProxy = 2236DD7C1E903EDA005B106F /* PBXContainerItemProxy */;
		};
		22F8F4721E9B088100F12A56 /* PBXTargetDependency */ = {
			isa = PBXTargetDependency;
			target = 2236DD561E903EDA005B106F /* Salido */;
			targetProxy = 22F8F4711E9B088100F12A56 /* PBXContainerItemProxy */;
		};
/* End PBXTargetDependency section */

/* Begin PBXVariantGroup section */
		2236DD681E903EDA005B106F /* LaunchScreen.storyboard */ = {
			isa = PBXVariantGroup;
			children = (
				2236DD691E903EDA005B106F /* Base */,
			);
			name = LaunchScreen.storyboard;
			sourceTree = "<group>";
		};
/* End PBXVariantGroup section */

/* Begin XCBuildConfiguration section */
		2236DD821E903EDA005B106F /* Debug */ = {
			isa = XCBuildConfiguration;
			buildSettings = {
				ALWAYS_SEARCH_USER_PATHS = NO;
				CLANG_ANALYZER_NONNULL = YES;
				CLANG_CXX_LANGUAGE_STANDARD = "gnu++0x";
				CLANG_CXX_LIBRARY = "libc++";
				CLANG_ENABLE_MODULES = YES;
				CLANG_ENABLE_OBJC_ARC = YES;
				CLANG_WARN_BOOL_CONVERSION = YES;
				CLANG_WARN_CONSTANT_CONVERSION = YES;
				CLANG_WARN_DIRECT_OBJC_ISA_USAGE = YES_ERROR;
				CLANG_WARN_DOCUMENTATION_COMMENTS = YES;
				CLANG_WARN_EMPTY_BODY = YES;
				CLANG_WARN_ENUM_CONVERSION = YES;
				CLANG_WARN_INFINITE_RECURSION = YES;
				CLANG_WARN_INT_CONVERSION = YES;
				CLANG_WARN_OBJC_ROOT_CLASS = YES_ERROR;
				CLANG_WARN_SUSPICIOUS_MOVE = YES;
				CLANG_WARN_UNREACHABLE_CODE = YES;
				CLANG_WARN__DUPLICATE_METHOD_MATCH = YES;
				"CODE_SIGN_IDENTITY[sdk=iphoneos*]" = "iPhone Developer";
				COPY_PHASE_STRIP = NO;
				DEBUG_INFORMATION_FORMAT = dwarf;
				ENABLE_STRICT_OBJC_MSGSEND = YES;
				ENABLE_TESTABILITY = YES;
				GCC_C_LANGUAGE_STANDARD = gnu99;
				GCC_DYNAMIC_NO_PIC = NO;
				GCC_NO_COMMON_BLOCKS = YES;
				GCC_OPTIMIZATION_LEVEL = 0;
				GCC_PREPROCESSOR_DEFINITIONS = (
					"DEBUG=1",
					"$(inherited)",
				);
				GCC_WARN_64_TO_32_BIT_CONVERSION = YES;
				GCC_WARN_ABOUT_RETURN_TYPE = YES_ERROR;
				GCC_WARN_UNDECLARED_SELECTOR = YES;
				GCC_WARN_UNINITIALIZED_AUTOS = YES_AGGRESSIVE;
				GCC_WARN_UNUSED_FUNCTION = YES;
				GCC_WARN_UNUSED_VARIABLE = YES;
				IPHONEOS_DEPLOYMENT_TARGET = 10.2;
				MTL_ENABLE_DEBUG_INFO = YES;
				ONLY_ACTIVE_ARCH = YES;
				SDKROOT = iphoneos;
			};
			name = Debug;
		};
		2236DD831E903EDA005B106F /* Release */ = {
			isa = XCBuildConfiguration;
			buildSettings = {
				ALWAYS_SEARCH_USER_PATHS = NO;
				CLANG_ANALYZER_NONNULL = YES;
				CLANG_CXX_LANGUAGE_STANDARD = "gnu++0x";
				CLANG_CXX_LIBRARY = "libc++";
				CLANG_ENABLE_MODULES = YES;
				CLANG_ENABLE_OBJC_ARC = YES;
				CLANG_WARN_BOOL_CONVERSION = YES;
				CLANG_WARN_CONSTANT_CONVERSION = YES;
				CLANG_WARN_DIRECT_OBJC_ISA_USAGE = YES_ERROR;
				CLANG_WARN_DOCUMENTATION_COMMENTS = YES;
				CLANG_WARN_EMPTY_BODY = YES;
				CLANG_WARN_ENUM_CONVERSION = YES;
				CLANG_WARN_INFINITE_RECURSION = YES;
				CLANG_WARN_INT_CONVERSION = YES;
				CLANG_WARN_OBJC_ROOT_CLASS = YES_ERROR;
				CLANG_WARN_SUSPICIOUS_MOVE = YES;
				CLANG_WARN_UNREACHABLE_CODE = YES;
				CLANG_WARN__DUPLICATE_METHOD_MATCH = YES;
				"CODE_SIGN_IDENTITY[sdk=iphoneos*]" = "iPhone Developer";
				COPY_PHASE_STRIP = NO;
				DEBUG_INFORMATION_FORMAT = "dwarf-with-dsym";
				ENABLE_NS_ASSERTIONS = NO;
				ENABLE_STRICT_OBJC_MSGSEND = YES;
				GCC_C_LANGUAGE_STANDARD = gnu99;
				GCC_NO_COMMON_BLOCKS = YES;
				GCC_WARN_64_TO_32_BIT_CONVERSION = YES;
				GCC_WARN_ABOUT_RETURN_TYPE = YES_ERROR;
				GCC_WARN_UNDECLARED_SELECTOR = YES;
				GCC_WARN_UNINITIALIZED_AUTOS = YES_AGGRESSIVE;
				GCC_WARN_UNUSED_FUNCTION = YES;
				GCC_WARN_UNUSED_VARIABLE = YES;
				IPHONEOS_DEPLOYMENT_TARGET = 10.2;
				MTL_ENABLE_DEBUG_INFO = NO;
				SDKROOT = iphoneos;
				VALIDATE_PRODUCT = YES;
			};
			name = Release;
		};
		2236DD851E903EDA005B106F /* Debug */ = {
			isa = XCBuildConfiguration;
			baseConfigurationReference = 7E21A17B27D5011D7E965B16 /* Pods-Salido.debug.xcconfig */;
			buildSettings = {
				ASSETCATALOG_COMPILER_APPICON_NAME = AppIcon;
				CLANG_WARN_DOCUMENTATION_COMMENTS = NO;
				DEVELOPMENT_TEAM = 82QRSDA4CN;
				INFOPLIST_FILE = Salido/Info.plist;
				LD_RUNPATH_SEARCH_PATHS = "$(inherited) @executable_path/Frameworks";
				PRODUCT_BUNDLE_IDENTIFIER = sam.Salido;
				PRODUCT_NAME = "$(TARGET_NAME)";
				PROVISIONING_PROFILE = "ddaeadbb-0309-43ab-ac17-fabce1fc5b74";
				PROVISIONING_PROFILE_SPECIFIER = Salido;
			};
			name = Debug;
		};
		2236DD861E903EDA005B106F /* Release */ = {
			isa = XCBuildConfiguration;
			baseConfigurationReference = 483880DE47AF30FF41088732 /* Pods-Salido.release.xcconfig */;
			buildSettings = {
				ASSETCATALOG_COMPILER_APPICON_NAME = AppIcon;
				CLANG_WARN_DOCUMENTATION_COMMENTS = NO;
				DEVELOPMENT_TEAM = 82QRSDA4CN;
				INFOPLIST_FILE = Salido/Info.plist;
				LD_RUNPATH_SEARCH_PATHS = "$(inherited) @executable_path/Frameworks";
				PRODUCT_BUNDLE_IDENTIFIER = sam.Salido;
				PRODUCT_NAME = "$(TARGET_NAME)";
				PROVISIONING_PROFILE = "2d747365-7b22-48ff-b3b5-e11ae9a597a9";
				PROVISIONING_PROFILE_SPECIFIER = Salido;
			};
			name = Release;
		};
		2236DD881E903EDA005B106F /* Debug */ = {
			isa = XCBuildConfiguration;
			baseConfigurationReference = 0FEA2A8AB851C72A22BA998A /* Pods-SalidoTests.debug.xcconfig */;
			buildSettings = {
				BUNDLE_LOADER = "$(TEST_HOST)";
				DEVELOPMENT_TEAM = 82QRSDA4CN;
				HEADER_SEARCH_PATHS = "$(PROJECT_DIR)/Salido/**";
				INFOPLIST_FILE = SalidoTests/Info.plist;
				LD_RUNPATH_SEARCH_PATHS = "$(inherited) @executable_path/Frameworks @loader_path/Frameworks";
				PRODUCT_BUNDLE_IDENTIFIER = salido.SalidoTests;
				PRODUCT_NAME = "$(TARGET_NAME)";
				TEST_HOST = "$(BUILT_PRODUCTS_DIR)/Salido.app/Salido";
			};
			name = Debug;
		};
		2236DD891E903EDA005B106F /* Release */ = {
			isa = XCBuildConfiguration;
			baseConfigurationReference = 898F57165B55F710929C5E1A /* Pods-SalidoTests.release.xcconfig */;
			buildSettings = {
				BUNDLE_LOADER = "$(TEST_HOST)";
				DEVELOPMENT_TEAM = 82QRSDA4CN;
				HEADER_SEARCH_PATHS = "$(PROJECT_DIR)/Salido/**";
				INFOPLIST_FILE = SalidoTests/Info.plist;
				LD_RUNPATH_SEARCH_PATHS = "$(inherited) @executable_path/Frameworks @loader_path/Frameworks";
				PRODUCT_BUNDLE_IDENTIFIER = salido.SalidoTests;
				PRODUCT_NAME = "$(TARGET_NAME)";
				TEST_HOST = "$(BUILT_PRODUCTS_DIR)/Salido.app/Salido";
			};
			name = Release;
		};
		2236DD8B1E903EDA005B106F /* Debug */ = {
			isa = XCBuildConfiguration;
			baseConfigurationReference = 38CC2D6825162DE15992C50A /* Pods-SalidoUITests.debug.xcconfig */;
			buildSettings = {
				DEVELOPMENT_TEAM = 82QRSDA4CN;
				INFOPLIST_FILE = SalidoUITests/Info.plist;
				LD_RUNPATH_SEARCH_PATHS = "$(inherited) @executable_path/Frameworks @loader_path/Frameworks";
				PRODUCT_BUNDLE_IDENTIFIER = salido.SalidoUITests;
				PRODUCT_NAME = "$(TARGET_NAME)";
				TEST_TARGET_NAME = Salido;
			};
			name = Debug;
		};
		2236DD8C1E903EDA005B106F /* Release */ = {
			isa = XCBuildConfiguration;
			baseConfigurationReference = 909BD9D3E7963D685F53E108 /* Pods-SalidoUITests.release.xcconfig */;
			buildSettings = {
				DEVELOPMENT_TEAM = 82QRSDA4CN;
				INFOPLIST_FILE = SalidoUITests/Info.plist;
				LD_RUNPATH_SEARCH_PATHS = "$(inherited) @executable_path/Frameworks @loader_path/Frameworks";
				PRODUCT_BUNDLE_IDENTIFIER = salido.SalidoUITests;
				PRODUCT_NAME = "$(TARGET_NAME)";
				TEST_TARGET_NAME = Salido;
			};
			name = Release;
		};
/* End XCBuildConfiguration section */

/* Begin XCConfigurationList section */
		2236DD521E903EDA005B106F /* Build configuration list for PBXProject "Salido" */ = {
			isa = XCConfigurationList;
			buildConfigurations = (
				2236DD821E903EDA005B106F /* Debug */,
				2236DD831E903EDA005B106F /* Release */,
			);
			defaultConfigurationIsVisible = 0;
			defaultConfigurationName = Release;
		};
		2236DD841E903EDA005B106F /* Build configuration list for PBXNativeTarget "Salido" */ = {
			isa = XCConfigurationList;
			buildConfigurations = (
				2236DD851E903EDA005B106F /* Debug */,
				2236DD861E903EDA005B106F /* Release */,
			);
			defaultConfigurationIsVisible = 0;
			defaultConfigurationName = Release;
		};
		2236DD871E903EDA005B106F /* Build configuration list for PBXNativeTarget "SalidoTests" */ = {
			isa = XCConfigurationList;
			buildConfigurations = (
				2236DD881E903EDA005B106F /* Debug */,
				2236DD891E903EDA005B106F /* Release */,
			);
			defaultConfigurationIsVisible = 0;
			defaultConfigurationName = Release;
		};
		2236DD8A1E903EDA005B106F /* Build configuration list for PBXNativeTarget "SalidoUITests" */ = {
			isa = XCConfigurationList;
			buildConfigurations = (
				2236DD8B1E903EDA005B106F /* Debug */,
				2236DD8C1E903EDA005B106F /* Release */,
			);
			defaultConfigurationIsVisible = 0;
			defaultConfigurationName = Release;
		};
/* End XCConfigurationList section */
	};
	rootObject = 2236DD4F1E903EDA005B106F /* Project object */;
}
